// !$*UTF8*$!
{
	archiveVersion = 1;
	classes = {
	};
	objectVersion = 46;
	objects = {

/* Begin PBXBuildFile section */
		FE824E1719A6E5D000F2D517 /* Foundation.framework in Frameworks */ = {isa = PBXBuildFile; fileRef = FE824E1619A6E5D000F2D517 /* Foundation.framework */; };
		FE824E1919A6E5D000F2D517 /* CoreGraphics.framework in Frameworks */ = {isa = PBXBuildFile; fileRef = FE824E1819A6E5D000F2D517 /* CoreGraphics.framework */; };
		FE824E1B19A6E5D000F2D517 /* UIKit.framework in Frameworks */ = {isa = PBXBuildFile; fileRef = FE824E1A19A6E5D000F2D517 /* UIKit.framework */; };
		FE824E2119A6E5D000F2D517 /* InfoPlist.strings in Resources */ = {isa = PBXBuildFile; fileRef = FE824E1F19A6E5D000F2D517 /* InfoPlist.strings */; };
		FE824E2319A6E5D000F2D517 /* main.m in Sources */ = {isa = PBXBuildFile; fileRef = FE824E2219A6E5D000F2D517 /* main.m */; };
		FE824E2719A6E5D000F2D517 /* xxAppDelegate.m in Sources */ = {isa = PBXBuildFile; fileRef = FE824E2619A6E5D000F2D517 /* xxAppDelegate.m */; };
		FE824E2A19A6E5D000F2D517 /* Main.storyboard in Resources */ = {isa = PBXBuildFile; fileRef = FE824E2819A6E5D000F2D517 /* Main.storyboard */; };
		FE824E2D19A6E5D000F2D517 /* xxViewController.m in Sources */ = {isa = PBXBuildFile; fileRef = FE824E2C19A6E5D000F2D517 /* xxViewController.m */; };
		FE824E2F19A6E5D000F2D517 /* Images.xcassets in Resources */ = {isa = PBXBuildFile; fileRef = FE824E2E19A6E5D000F2D517 /* Images.xcassets */; };
		FE824E3619A6E5D100F2D517 /* XCTest.framework in Frameworks */ = {isa = PBXBuildFile; fileRef = FE824E3519A6E5D100F2D517 /* XCTest.framework */; };
		FE824E3719A6E5D100F2D517 /* Foundation.framework in Frameworks */ = {isa = PBXBuildFile; fileRef = FE824E1619A6E5D000F2D517 /* Foundation.framework */; };
		FE824E3819A6E5D100F2D517 /* UIKit.framework in Frameworks */ = {isa = PBXBuildFile; fileRef = FE824E1A19A6E5D000F2D517 /* UIKit.framework */; };
		FE824E4019A6E5D100F2D517 /* InfoPlist.strings in Resources */ = {isa = PBXBuildFile; fileRef = FE824E3E19A6E5D100F2D517 /* InfoPlist.strings */; };
		FE824E4219A6E5D100F2D517 /* MyFirstApplicationTests.m in Sources */ = {isa = PBXBuildFile; fileRef = FE824E4119A6E5D100F2D517 /* MyFirstApplicationTests.m */; };
/* End PBXBuildFile section */

/* Begin PBXContainerItemProxy section */
		FE824E3919A6E5D100F2D517 /* PBXContainerItemProxy */ = {
			isa = PBXContainerItemProxy;
			containerPortal = FE824E0B19A6E5D000F2D517 /* Project object */;
			proxyType = 1;
			remoteGlobalIDString = FE824E1219A6E5D000F2D517;
			remoteInfo = MyFirstApplication;
		};
/* End PBXContainerItemProxy section */

/* Begin PBXFileReference section */
		FE824E1319A6E5D000F2D517 /* MyFirstApplication.app */ = {isa = PBXFileReference; explicitFileType = wrapper.application; includeInIndex = 0; path = MyFirstApplication.app; sourceTree = BUILT_PRODUCTS_DIR; };
		FE824E1619A6E5D000F2D517 /* Foundation.framework */ = {isa = PBXFileReference; lastKnownFileType = wrapper.framework; name = Foundation.framework; path = System/Library/Frameworks/Foundation.framework; sourceTree = SDKROOT; };
		FE824E1819A6E5D000F2D517 /* CoreGraphics.framework */ = {isa = PBXFileReference; lastKnownFileType = wrapper.framework; name = CoreGraphics.framework; path = System/Library/Frameworks/CoreGraphics.framework; sourceTree = SDKROOT; };
		FE824E1A19A6E5D000F2D517 /* UIKit.framework */ = {isa = PBXFileReference; lastKnownFileType = wrapper.framework; name = UIKit.framework; path = System/Library/Frameworks/UIKit.framework; sourceTree = SDKROOT; };
		FE824E1E19A6E5D000F2D517 /* MyFirstApplication-Info.plist */ = {isa = PBXFileReference; lastKnownFileType = text.plist.xml; path = "MyFirstApplication-Info.plist"; sourceTree = "<group>"; };
		FE824E2019A6E5D000F2D517 /* en */ = {isa = PBXFileReference; lastKnownFileType = text.plist.strings; name = en; path = en.lproj/InfoPlist.strings; sourceTree = "<group>"; };
		FE824E2219A6E5D000F2D517 /* main.m */ = {isa = PBXFileReference; lastKnownFileType = sourcecode.c.objc; path = main.m; sourceTree = "<group>"; };
		FE824E2419A6E5D000F2D517 /* MyFirstApplication-Prefix.pch */ = {isa = PBXFileReference; lastKnownFileType = sourcecode.c.h; path = "MyFirstApplication-Prefix.pch"; sourceTree = "<group>"; };
		FE824E2519A6E5D000F2D517 /* xxAppDelegate.h */ = {isa = PBXFileReference; lastKnownFileType = sourcecode.c.h; path = xxAppDelegate.h; sourceTree = "<group>"; };
		FE824E2619A6E5D000F2D517 /* xxAppDelegate.m */ = {isa = PBXFileReference; lastKnownFileType = sourcecode.c.objc; path = xxAppDelegate.m; sourceTree = "<group>"; };
		FE824E2919A6E5D000F2D517 /* Base */ = {isa = PBXFileReference; lastKnownFileType = file.storyboard; name = Base; path = Base.lproj/Main.storyboard; sourceTree = "<group>"; };
		FE824E2B19A6E5D000F2D517 /* xxViewController.h */ = {isa = PBXFileReference; lastKnownFileType = sourcecode.c.h; path = xxViewController.h; sourceTree = "<group>"; };
		FE824E2C19A6E5D000F2D517 /* xxViewController.m */ = {isa = PBXFileReference; lastKnownFileType = sourcecode.c.objc; path = xxViewController.m; sourceTree = "<group>"; };
		FE824E2E19A6E5D000F2D517 /* Images.xcassets */ = {isa = PBXFileReference; lastKnownFileType = folder.assetcatalog; path = Images.xcassets; sourceTree = "<group>"; };
		FE824E3419A6E5D100F2D517 /* MyFirstApplicationTests.xctest */ = {isa = PBXFileReference; explicitFileType = wrapper.cfbundle; includeInIndex = 0; path = MyFirstApplicationTests.xctest; sourceTree = BUILT_PRODUCTS_DIR; };
		FE824E3519A6E5D100F2D517 /* XCTest.framework */ = {isa = PBXFileReference; lastKnownFileType = wrapper.framework; name = XCTest.framework; path = Library/Frameworks/XCTest.framework; sourceTree = DEVELOPER_DIR; };
		FE824E3D19A6E5D100F2D517 /* MyFirstApplicationTests-Info.plist */ = {isa = PBXFileReference; lastKnownFileType = text.plist.xml; path = "MyFirstApplicationTests-Info.plist"; sourceTree = "<group>"; };
		FE824E3F19A6E5D100F2D517 /* en */ = {isa = PBXFileReference; lastKnownFileType = text.plist.strings; name = en; path = en.lproj/InfoPlist.strings; sourceTree = "<group>"; };
		FE824E4119A6E5D100F2D517 /* MyFirstApplicationTests.m */ = {isa = PBXFileReference; lastKnownFileType = sourcecode.c.objc; path = MyFirstApplicationTests.m; sourceTree = "<group>"; };
/* End PBXFileReference section */

/* Begin PBXFrameworksBuildPhase section */
		FE824E1019A6E5D000F2D517 /* Frameworks */ = {
			isa = PBXFrameworksBuildPhase;
			buildActionMask = 2147483647;
			files = (
				FE824E1919A6E5D000F2D517 /* CoreGraphics.framework in Frameworks */,
				FE824E1B19A6E5D000F2D517 /* UIKit.framework in Frameworks */,
				FE824E1719A6E5D000F2D517 /* Foundation.framework in Frameworks */,
			);
			runOnlyForDeploymentPostprocessing = 0;
		};
		FE824E3119A6E5D100F2D517 /* Frameworks */ = {
			isa = PBXFrameworksBuildPhase;
			buildActionMask = 2147483647;
			files = (
				FE824E3619A6E5D100F2D517 /* XCTest.framework in Frameworks */,
				FE824E3819A6E5D100F2D517 /* UIKit.framework in Frameworks */,
				FE824E3719A6E5D100F2D517 /* Foundation.framework in Frameworks */,
			);
			runOnlyForDeploymentPostprocessing = 0;
		};
/* End PBXFrameworksBuildPhase section */

/* Begin PBXGroup section */
		FE824E0A19A6E5D000F2D517 = {
			isa = PBXGroup;
			children = (
				FE824E1C19A6E5D000F2D517 /* MyFirstApplication */,
				FE824E3B19A6E5D100F2D517 /* MyFirstApplicationTests */,
				FE824E1519A6E5D000F2D517 /* Frameworks */,
				FE824E1419A6E5D000F2D517 /* Products */,
			);
			sourceTree = "<group>";
		};
		FE824E1419A6E5D000F2D517 /* Products */ = {
			isa = PBXGroup;
			children = (
				FE824E1319A6E5D000F2D517 /* MyFirstApplication.app */,
				FE824E3419A6E5D100F2D517 /* MyFirstApplicationTests.xctest */,
			);
			name = Products;
			sourceTree = "<group>";
		};
		FE824E1519A6E5D000F2D517 /* Frameworks */ = {
			isa = PBXGroup;
			children = (
				FE824E1619A6E5D000F2D517 /* Foundation.framework */,
				FE824E1819A6E5D000F2D517 /* CoreGraphics.framework */,
				FE824E1A19A6E5D000F2D517 /* UIKit.framework */,
				FE824E3519A6E5D100F2D517 /* XCTest.framework */,
			);
			name = Frameworks;
			sourceTree = "<group>";
		};
		FE824E1C19A6E5D000F2D517 /* MyFirstApplication */ = {
			isa = PBXGroup;
			children = (
				FE824E2519A6E5D000F2D517 /* xxAppDelegate.h */,
				FE824E2619A6E5D000F2D517 /* xxAppDelegate.m */,
				FE824E2819A6E5D000F2D517 /* Main.storyboard */,
				FE824E2B19A6E5D000F2D517 /* xxViewController.h */,
				FE824E2C19A6E5D000F2D517 /* xxViewController.m */,
				FE824E2E19A6E5D000F2D517 /* Images.xcassets */,
				FE824E1D19A6E5D000F2D517 /* Supporting Files */,
			);
			path = MyFirstApplication;
			sourceTree = "<group>";
		};
		FE824E1D19A6E5D000F2D517 /* Supporting Files */ = {
			isa = PBXGroup;
			children = (
				FE824E1E19A6E5D000F2D517 /* MyFirstApplication-Info.plist */,
				FE824E1F19A6E5D000F2D517 /* InfoPlist.strings */,
				FE824E2219A6E5D000F2D517 /* main.m */,
				FE824E2419A6E5D000F2D517 /* MyFirstApplication-Prefix.pch */,
			);
			name = "Supporting Files";
			sourceTree = "<group>";
		};
		FE824E3B19A6E5D100F2D517 /* MyFirstApplicationTests */ = {
			isa = PBXGroup;
			children = (
				FE824E4119A6E5D100F2D517 /* MyFirstApplicationTests.m */,
				FE824E3C19A6E5D100F2D517 /* Supporting Files */,
			);
			path = MyFirstApplicationTests;
			sourceTree = "<group>";
		};
		FE824E3C19A6E5D100F2D517 /* Supporting Files */ = {
			isa = PBXGroup;
			children = (
				FE824E3D19A6E5D100F2D517 /* MyFirstApplicationTests-Info.plist */,
				FE824E3E19A6E5D100F2D517 /* InfoPlist.strings */,
			);
			name = "Supporting Files";
			sourceTree = "<group>";
		};
/* End PBXGroup section */

/* Begin PBXNativeTarget section */
		FE824E1219A6E5D000F2D517 /* MyFirstApplication */ = {
			isa = PBXNativeTarget;
			buildConfigurationList = FE824E4519A6E5D100F2D517 /* Build configuration list for PBXNativeTarget "MyFirstApplication" */;
			buildPhases = (
				FE824E0F19A6E5D000F2D517 /* Sources */,
				FE824E1019A6E5D000F2D517 /* Frameworks */,
				FE824E1119A6E5D000F2D517 /* Resources */,
			);
			buildRules = (
			);
			dependencies = (
			);
			name = MyFirstApplication;
			productName = MyFirstApplication;
			productReference = FE824E1319A6E5D000F2D517 /* MyFirstApplication.app */;
			productType = "com.apple.product-type.application";
		};
		FE824E3319A6E5D100F2D517 /* MyFirstApplicationTests */ = {
			isa = PBXNativeTarget;
			buildConfigurationList = FE824E4819A6E5D100F2D517 /* Build configuration list for PBXNativeTarget "MyFirstApplicationTests" */;
			buildPhases = (
				FE824E3019A6E5D100F2D517 /* Sources */,
				FE824E3119A6E5D100F2D517 /* Frameworks */,
				FE824E3219A6E5D100F2D517 /* Resources */,
			);
			buildRules = (
			);
			dependencies = (
				FE824E3A19A6E5D100F2D517 /* PBXTargetDependency */,
			);
			name = MyFirstApplicationTests;
			productName = MyFirstApplicationTests;
			productReference = FE824E3419A6E5D100F2D517 /* MyFirstApplicationTests.xctest */;
			productType = "com.apple.product-type.bundle.unit-test";
		};
/* End PBXNativeTarget section */

/* Begin PBXProject section */
		FE824E0B19A6E5D000F2D517 /* Project object */ = {
			isa = PBXProject;
			attributes = {
				CLASSPREFIX = xx;
				LastUpgradeCheck = 0510;
				ORGANIZATIONNAME = XinOrganization;
				TargetAttributes = {
					FE824E3319A6E5D100F2D517 = {
						TestTargetID = FE824E1219A6E5D000F2D517;
					};
				};
			};
			buildConfigurationList = FE824E0E19A6E5D000F2D517 /* Build configuration list for PBXProject "MyFirstApplication" */;
			compatibilityVersion = "Xcode 3.2";
			developmentRegion = English;
			hasScannedForEncodings = 0;
			knownRegions = (
				en,
				Base,
			);
			mainGroup = FE824E0A19A6E5D000F2D517;
			productRefGroup = FE824E1419A6E5D000F2D517 /* Products */;
			projectDirPath = "";
			projectRoot = "";
			targets = (
				FE824E1219A6E5D000F2D517 /* MyFirstApplication */,
				FE824E3319A6E5D100F2D517 /* MyFirstApplicationTests */,
			);
		};
/* End PBXProject section */

/* Begin PBXResourcesBuildPhase section */
		FE824E1119A6E5D000F2D517 /* Resources */ = {
			isa = PBXResourcesBuildPhase;
			buildActionMask = 2147483647;
			files = (
				FE824E2F19A6E5D000F2D517 /* Images.xcassets in Resources */,
				FE824E2119A6E5D000F2D517 /* InfoPlist.strings in Resources */,
				FE824E2A19A6E5D000F2D517 /* Main.storyboard in Resources */,
			);
			runOnlyForDeploymentPostprocessing = 0;
		};
		FE824E3219A6E5D100F2D517 /* Resources */ = {
			isa = PBXResourcesBuildPhase;
			buildActionMask = 2147483647;
			files = (
				FE824E4019A6E5D100F2D517 /* InfoPlist.strings in Resources */,
			);
			runOnlyForDeploymentPostprocessing = 0;
		};
/* End PBXResourcesBuildPhase section */

/* Begin PBXSourcesBuildPhase section */
		FE824E0F19A6E5D000F2D517 /* Sources */ = {
			isa = PBXSourcesBuildPhase;
			buildActionMask = 2147483647;
			files = (
				FE824E2719A6E5D000F2D517 /* xxAppDelegate.m in Sources */,
				FE824E2D19A6E5D000F2D517 /* xxViewController.m in Sources */,
				FE824E2319A6E5D000F2D517 /* main.m in Sources */,
			);
			runOnlyForDeploymentPostprocessing = 0;
		};
		FE824E3019A6E5D100F2D517 /* Sources */ = {
			isa = PBXSourcesBuildPhase;
			buildActionMask = 2147483647;
			files = (
				FE824E4219A6E5D100F2D517 /* MyFirstApplicationTests.m in Sources */,
			);
			runOnlyForDeploymentPostprocessing = 0;
		};
/* End PBXSourcesBuildPhase section */

/* Begin PBXTargetDependency section */
		FE824E3A19A6E5D100F2D517 /* PBXTargetDependency */ = {
			isa = PBXTargetDependency;
			target = FE824E1219A6E5D000F2D517 /* MyFirstApplication */;
			targetProxy = FE824E3919A6E5D100F2D517 /* PBXContainerItemProxy */;
		};
/* End PBXTargetDependency section */

/* Begin PBXVariantGroup section */
		FE824E1F19A6E5D000F2D517 /* InfoPlist.strings */ = {
			isa = PBXVariantGroup;
			children = (
				FE824E2019A6E5D000F2D517 /* en */,
			);
			name = InfoPlist.strings;
			sourceTree = "<group>";
		};
		FE824E2819A6E5D000F2D517 /* Main.storyboard */ = {
			isa = PBXVariantGroup;
			children = (
				FE824E2919A6E5D000F2D517 /* Base */,
			);
			name = Main.storyboard;
			sourceTree = "<group>";
		};
		FE824E3E19A6E5D100F2D517 /* InfoPlist.strings */ = {
			isa = PBXVariantGroup;
			children = (
				FE824E3F19A6E5D100F2D517 /* en */,
			);
			name = InfoPlist.strings;
			sourceTree = "<group>";
		};
/* End PBXVariantGroup section */

/* Begin XCBuildConfiguration section */
		FE824E4319A6E5D100F2D517 /* Debug */ = {
			isa = XCBuildConfiguration;
			buildSettings = {
				ALWAYS_SEARCH_USER_PATHS = NO;
				CLANG_CXX_LANGUAGE_STANDARD = "gnu++0x";
				CLANG_CXX_LIBRARY = "libc++";
				CLANG_ENABLE_MODULES = YES;
				CLANG_ENABLE_OBJC_ARC = YES;
				CLANG_WARN_BOOL_CONVERSION = YES;
				CLANG_WARN_CONSTANT_CONVERSION = YES;
				CLANG_WARN_DIRECT_OBJC_ISA_USAGE = YES_ERROR;
				CLANG_WARN_EMPTY_BODY = YES;
				CLANG_WARN_ENUM_CONVERSION = YES;
				CLANG_WARN_INT_CONVERSION = YES;
				CLANG_WARN_OBJC_ROOT_CLASS = YES_ERROR;
				CLANG_WARN__DUPLICATE_METHOD_MATCH = YES;
				"CODE_SIGN_IDENTITY[sdk=iphoneos*]" = "iPhone Developer";
				COPY_PHASE_STRIP = NO;
				GCC_C_LANGUAGE_STANDARD = gnu99;
				GCC_DYNAMIC_NO_PIC = NO;
				GCC_OPTIMIZATION_LEVEL = 0;
				GCC_PREPROCESSOR_DEFINITIONS = (
					"DEBUG=1",
					"$(inherited)",
				);
				GCC_SYMBOLS_PRIVATE_EXTERN = NO;
				GCC_WARN_64_TO_32_BIT_CONVERSION = YES;
				GCC_WARN_ABOUT_RETURN_TYPE = YES_ERROR;
				GCC_WARN_UNDECLARED_SELECTOR = YES;
				GCC_WARN_UNINITIALIZED_AUTOS = YES_AGGRESSIVE;
				GCC_WARN_UNUSED_FUNCTION = YES;
				GCC_WARN_UNUSED_VARIABLE = YES;
				IPHONEOS_DEPLOYMENT_TARGET = 7.1;
				ONLY_ACTIVE_ARCH = YES;
				SDKROOT = iphoneos;
			};
			name = Debug;
		};
		FE824E4419A6E5D100F2D517 /* Release */ = {
			isa = XCBuildConfiguration;
			buildSettings = {
				ALWAYS_SEARCH_USER_PATHS = NO;
				CLANG_CXX_LANGUAGE_STANDARD = "gnu++0x";
				CLANG_CXX_LIBRARY = "libc++";
				CLANG_ENABLE_MODULES = YES;
				CLANG_ENABLE_OBJC_ARC = YES;
				CLANG_WARN_BOOL_CONVERSION = YES;
				CLANG_WARN_CONSTANT_CONVERSION = YES;
				CLANG_WARN_DIRECT_OBJC_ISA_USAGE = YES_ERROR;
				CLANG_WARN_EMPTY_BODY = YES;
				CLANG_WARN_ENUM_CONVERSION = YES;
				CLANG_WARN_INT_CONVERSION = YES;
				CLANG_WARN_OBJC_ROOT_CLASS = YES_ERROR;
				CLANG_WARN__DUPLICATE_METHOD_MATCH = YES;
				"CODE_SIGN_IDENTITY[sdk=iphoneos*]" = "iPhone Developer";
				COPY_PHASE_STRIP = YES;
				ENABLE_NS_ASSERTIONS = NO;
				GCC_C_LANGUAGE_STANDARD = gnu99;
				GCC_WARN_64_TO_32_BIT_CONVERSION = YES;
				GCC_WARN_ABOUT_RETURN_TYPE = YES_ERROR;
				GCC_WARN_UNDECLARED_SELECTOR = YES;
				GCC_WARN_UNINITIALIZED_AUTOS = YES_AGGRESSIVE;
				GCC_WARN_UNUSED_FUNCTION = YES;
				GCC_WARN_UNUSED_VARIABLE = YES;
				IPHONEOS_DEPLOYMENT_TARGET = 7.1;
				SDKROOT = iphoneos;
				VALIDATE_PRODUCT = YES;
			};
			name = Release;
		};
		FE824E4619A6E5D100F2D517 /* Debug */ = {
			isa = XCBuildConfiguration;
			buildSettings = {
				ASSETCATALOG_COMPILER_APPICON_NAME = AppIcon;
				ASSETCATALOG_COMPILER_LAUNCHIMAGE_NAME = LaunchImage;
				GCC_PRECOMPILE_PREFIX_HEADER = YES;
				GCC_PREFIX_HEADER = "MyFirstApplication/MyFirstApplication-Prefix.pch";
				INFOPLIST_FILE = "MyFirstApplication/MyFirstApplication-Info.plist";
				PRODUCT_NAME = "$(TARGET_NAME)";
				WRAPPER_EXTENSION = app;
			};
			name = Debug;
		};
		FE824E4719A6E5D100F2D517 /* Release */ = {
			isa = XCBuildConfiguration;
			buildSettings = {
				ASSETCATALOG_COMPILER_APPICON_NAME = AppIcon;
				ASSETCATALOG_COMPILER_LAUNCHIMAGE_NAME = LaunchImage;
				GCC_PRECOMPILE_PREFIX_HEADER = YES;
				GCC_PREFIX_HEADER = "MyFirstApplication/MyFirstApplication-Prefix.pch";
				INFOPLIST_FILE = "MyFirstApplication/MyFirstApplication-Info.plist";
				PRODUCT_NAME = "$(TARGET_NAME)";
				WRAPPER_EXTENSION = app;
			};
			name = Release;
		};
		FE824E4919A6E5D100F2D517 /* Debug */ = {
			isa = XCBuildConfiguration;
			buildSettings = {
				BUNDLE_LOADER = "$(BUILT_PRODUCTS_DIR)/MyFirstApplication.app/MyFirstApplication";
				FRAMEWORK_SEARCH_PATHS = (
					"$(SDKROOT)/Developer/Library/Frameworks",
					"$(inherited)",
					"$(DEVELOPER_FRAMEWORKS_DIR)",
				);
				GCC_PRECOMPILE_PREFIX_HEADER = YES;
				GCC_PREFIX_HEADER = "MyFirstApplication/MyFirstApplication-Prefix.pch";
				GCC_PREPROCESSOR_DEFINITIONS = (
					"DEBUG=1",
					"$(inherited)",
				);
				INFOPLIST_FILE = "MyFirstApplicationTests/MyFirstApplicationTests-Info.plist";
				PRODUCT_NAME = "$(TARGET_NAME)";
				TEST_HOST = "$(BUNDLE_LOADER)";
				WRAPPER_EXTENSION = xctest;
			};
			name = Debug;
		};
		FE824E4A19A6E5D100F2D517 /* Release */ = {
			isa = XCBuildConfiguration;
			buildSettings = {
				BUNDLE_LOADER = "$(BUILT_PRODUCTS_DIR)/MyFirstApplication.app/MyFirstApplication";
				FRAMEWORK_SEARCH_PATHS = (
					"$(SDKROOT)/Developer/Library/Frameworks",
					"$(inherited)",
					"$(DEVELOPER_FRAMEWORKS_DIR)",
				);
				GCC_PRECOMPILE_PREFIX_HEADER = YES;
				GCC_PREFIX_HEADER = "MyFirstApplication/MyFirstApplication-Prefix.pch";
				INFOPLIST_FILE = "MyFirstApplicationTests/MyFirstApplicationTests-Info.plist";
				PRODUCT_NAME = "$(TARGET_NAME)";
				TEST_HOST = "$(BUNDLE_LOADER)";
				WRAPPER_EXTENSION = xctest;
			};
			name = Release;
		};
/* End XCBuildConfiguration section */

/* Begin XCConfigurationList section */
		FE824E0E19A6E5D000F2D517 /* Build configuration list for PBXProject "MyFirstApplication" */ = {
			isa = XCConfigurationList;
			buildConfigurations = (
				FE824E4319A6E5D100F2D517 /* Debug */,
				FE824E4419A6E5D100F2D517 /* Release */,
			);
			defaultConfigurationIsVisible = 0;
			defaultConfigurationName = Release;
		};
		FE824E4519A6E5D100F2D517 /* Build configuration list for PBXNativeTarget "MyFirstApplication" */ = {
			isa = XCConfigurationList;
			buildConfigurations = (
				FE824E4619A6E5D100F2D517 /* Debug */,
				FE824E4719A6E5D100F2D517 /* Release */,
			);
			defaultConfigurationIsVisible = 0;
		};
		FE824E4819A6E5D100F2D517 /* Build configuration list for PBXNativeTarget "MyFirstApplicationTests" */ = {
			isa = XCConfigurationList;
			buildConfigurations = (
				FE824E4919A6E5D100F2D517 /* Debug */,
				FE824E4A19A6E5D100F2D517 /* Release */,
			);
			defaultConfigurationIsVisible = 0;
		};
/* End XCConfigurationList section */
	};
	rootObject = FE824E0B19A6E5D000F2D517 /* Project object */;
}
